
Microsoft Visual Studio Solution File, Format Version 12.00
# Visual Studio Version 17
VisualStudioVersion = 17.7.34024.191
MinimumVisualStudioVersion = 10.0.40219.1
Project("{FAE04EC0-301F-11D3-BF4B-00C04F79EFBC}") = "Labor Rabota 5", "Labor Rabota 5\Labor Rabota 5.csproj", "{F2DEEDE1-3291-4A5F-B615-01AFB4BE6B38}"
EndProject
Global
	GlobalSection(SolutionConfigurationPlatforms) = preSolution
		Debug|Any CPU = Debug|Any CPU
		Release|Any CPU = Release|Any CPU
	EndGlobalSection
	GlobalSection(ProjectConfigurationPlatforms) = postSolution
		{F2DEEDE1-3291-4A5F-B615-01AFB4BE6B38}.Debug|Any CPU.ActiveCfg = Debug|Any CPU
		{F2DEEDE1-3291-4A5F-B615-01AFB4BE6B38}.Debug|Any CPU.Build.0 = Debug|Any CPU
		{F2DEEDE1-3291-4A5F-B615-01AFB4BE6B38}.Release|Any CPU.ActiveCfg = Release|Any CPU
		{F2DEEDE1-3291-4A5F-B615-01AFB4BE6B38}.Release|Any CPU.Build.0 = Release|Any CPU
	EndGlobalSection
	GlobalSection(SolutionProperties) = preSolution
		HideSolutionNode = FALSE
	EndGlobalSection
	GlobalSection(ExtensibilityGlobals) = postSolution
		SolutionGuid = {E9DF74AA-1E13-4E6D-A219-3670E324BD69}
	EndGlobalSection
EndGlobal
